
Microsoft Visual Studio Solution File, Format Version 12.00
# Visual Studio 2015
Project("{FAE04EC0-301F-11D3-BF4B-00C04F79EFBC}") = "MOVIMIENTO NAVE", "MOVIMIENTO NAVE.csproj", "{E43AD131-489F-E3A1-BFD7-5ADF70004C3C}"
EndProject
Project("{FAE04EC0-301F-11D3-BF4B-00C04F79EFBC}") = "MOVIMIENTO NAVE.Editor", "MOVIMIENTO NAVE.Editor.csproj", "{94ED6E5B-D908-4905-57EB-2E98E4A6B32B}"
EndProject
Global
	GlobalSection(SolutionConfigurationPlatforms) = preSolution
		Debug|Any CPU = Debug|Any CPU
		Release|Any CPU = Release|Any CPU
	EndGlobalSection
	GlobalSection(ProjectConfigurationPlatforms) = postSolution
		{E43AD131-489F-E3A1-BFD7-5ADF70004C3C}.Debug|Any CPU.ActiveCfg = Debug|Any CPU
		{E43AD131-489F-E3A1-BFD7-5ADF70004C3C}.Debug|Any CPU.Build.0 = Debug|Any CPU
		{E43AD131-489F-E3A1-BFD7-5ADF70004C3C}.Release|Any CPU.ActiveCfg = Release|Any CPU
		{E43AD131-489F-E3A1-BFD7-5ADF70004C3C}.Release|Any CPU.Build.0 = Release|Any CPU
		{94ED6E5B-D908-4905-57EB-2E98E4A6B32B}.Debug|Any CPU.ActiveCfg = Debug|Any CPU
		{94ED6E5B-D908-4905-57EB-2E98E4A6B32B}.Debug|Any CPU.Build.0 = Debug|Any CPU
		{94ED6E5B-D908-4905-57EB-2E98E4A6B32B}.Release|Any CPU.ActiveCfg = Release|Any CPU
		{94ED6E5B-D908-4905-57EB-2E98E4A6B32B}.Release|Any CPU.Build.0 = Release|Any CPU
	EndGlobalSection
	GlobalSection(SolutionProperties) = preSolution
		HideSolutionNode = FALSE
	EndGlobalSection
EndGlobal
